
Microsoft Visual Studio Solution File, Format Version 12.00
# Visual Studio 15
VisualStudioVersion = 15.0.27428.2002
MinimumVisualStudioVersion = 10.0.40219.1
Project("{8BC9CEB8-8B4A-11D0-8D11-00A0C91BC942}") = "work2", "work2\work2.vcxproj", "{438AA968-03C7-4E21-AD4A-C21C505C1D9A}"
EndProject
Global
	GlobalSection(SolutionConfigurationPlatforms) = preSolution
		Debug|x64 = Debug|x64
		Debug|x86 = Debug|x86
		Release|x64 = Release|x64
		Release|x86 = Release|x86
	EndGlobalSection
	GlobalSection(ProjectConfigurationPlatforms) = postSolution
		{438AA968-03C7-4E21-AD4A-C21C505C1D9A}.Debug|x64.ActiveCfg = Debug|x64
		{438AA968-03C7-4E21-AD4A-C21C505C1D9A}.Debug|x64.Build.0 = Debug|x64
		{438AA968-03C7-4E21-AD4A-C21C505C1D9A}.Debug|x86.ActiveCfg = Debug|Win32
		{438AA968-03C7-4E21-AD4A-C21C505C1D9A}.Debug|x86.Build.0 = Debug|Win32
		{438AA968-03C7-4E21-AD4A-C21C505C1D9A}.Release|x64.ActiveCfg = Release|x64
		{438AA968-03C7-4E21-AD4A-C21C505C1D9A}.Release|x64.Build.0 = Release|x64
		{438AA968-03C7-4E21-AD4A-C21C505C1D9A}.Release|x86.ActiveCfg = Release|Win32
		{438AA968-03C7-4E21-AD4A-C21C505C1D9A}.Release|x86.Build.0 = Release|Win32
	EndGlobalSection
	GlobalSection(SolutionProperties) = preSolution
		HideSolutionNode = FALSE
	EndGlobalSection
	GlobalSection(ExtensibilityGlobals) = postSolution
		SolutionGuid = {916FD964-2FD8-46F7-8064-2D212C1EEB82}
	EndGlobalSection
EndGlobal
