
Microsoft Visual Studio Solution File, Format Version 12.00
# Visual Studio 15
VisualStudioVersion = 15.0.27703.2018
MinimumVisualStudioVersion = 10.0.40219.1
Project("{8BC9CEB8-8B4A-11D0-8D11-00A0C91BC942}") = "Stack", "Stack\Stack.vcxproj", "{AFEC7E2A-E535-4BB0-9E71-2F4B4C68DFF2}"
EndProject
Global
	GlobalSection(SolutionConfigurationPlatforms) = preSolution
		Debug|x64 = Debug|x64
		Debug|x86 = Debug|x86
		Release|x64 = Release|x64
		Release|x86 = Release|x86
	EndGlobalSection
	GlobalSection(ProjectConfigurationPlatforms) = postSolution
		{AFEC7E2A-E535-4BB0-9E71-2F4B4C68DFF2}.Debug|x64.ActiveCfg = Debug|x64
		{AFEC7E2A-E535-4BB0-9E71-2F4B4C68DFF2}.Debug|x64.Build.0 = Debug|x64
		{AFEC7E2A-E535-4BB0-9E71-2F4B4C68DFF2}.Debug|x86.ActiveCfg = Debug|Win32
		{AFEC7E2A-E535-4BB0-9E71-2F4B4C68DFF2}.Debug|x86.Build.0 = Debug|Win32
		{AFEC7E2A-E535-4BB0-9E71-2F4B4C68DFF2}.Release|x64.ActiveCfg = Release|x64
		{AFEC7E2A-E535-4BB0-9E71-2F4B4C68DFF2}.Release|x64.Build.0 = Release|x64
		{AFEC7E2A-E535-4BB0-9E71-2F4B4C68DFF2}.Release|x86.ActiveCfg = Release|Win32
		{AFEC7E2A-E535-4BB0-9E71-2F4B4C68DFF2}.Release|x86.Build.0 = Release|Win32
	EndGlobalSection
	GlobalSection(SolutionProperties) = preSolution
		HideSolutionNode = FALSE
	EndGlobalSection
	GlobalSection(ExtensibilityGlobals) = postSolution
		SolutionGuid = {EC21A18A-586B-413E-BFCF-397A728C5960}
	EndGlobalSection
EndGlobal
