
Microsoft Visual Studio Solution File, Format Version 12.00
# Visual Studio 15
VisualStudioVersion = 15.0.27703.2026
MinimumVisualStudioVersion = 10.0.40219.1
Project("{8BC9CEB8-8B4A-11D0-8D11-00A0C91BC942}") = "Triangle_Identification", "Triangle_Identification\Triangle_Identification.vcxproj", "{C8C7B016-645A-4B73-BADD-45771AE7E4D9}"
EndProject
Global
	GlobalSection(SolutionConfigurationPlatforms) = preSolution
		Debug|x64 = Debug|x64
		Debug|x86 = Debug|x86
		Release|x64 = Release|x64
		Release|x86 = Release|x86
	EndGlobalSection
	GlobalSection(ProjectConfigurationPlatforms) = postSolution
		{C8C7B016-645A-4B73-BADD-45771AE7E4D9}.Debug|x64.ActiveCfg = Debug|x64
		{C8C7B016-645A-4B73-BADD-45771AE7E4D9}.Debug|x64.Build.0 = Debug|x64
		{C8C7B016-645A-4B73-BADD-45771AE7E4D9}.Debug|x86.ActiveCfg = Debug|Win32
		{C8C7B016-645A-4B73-BADD-45771AE7E4D9}.Debug|x86.Build.0 = Debug|Win32
		{C8C7B016-645A-4B73-BADD-45771AE7E4D9}.Release|x64.ActiveCfg = Release|x64
		{C8C7B016-645A-4B73-BADD-45771AE7E4D9}.Release|x64.Build.0 = Release|x64
		{C8C7B016-645A-4B73-BADD-45771AE7E4D9}.Release|x86.ActiveCfg = Release|Win32
		{C8C7B016-645A-4B73-BADD-45771AE7E4D9}.Release|x86.Build.0 = Release|Win32
	EndGlobalSection
	GlobalSection(SolutionProperties) = preSolution
		HideSolutionNode = FALSE
	EndGlobalSection
	GlobalSection(ExtensibilityGlobals) = postSolution
		SolutionGuid = {C2E5C0E6-BA24-49D2-A694-429AA8B76F9D}
	EndGlobalSection
EndGlobal
